{
  "name": "world_informatics",
  "lockfileVersion": 3,
  "requires": true,
  "packages": {
    "": {
      "dependencies": {
        "drag-drop-touch": "^1.3.1",
        "draggable-polyfill": "^1.2.4",
        "mobile-drag-drop": "^3.0.0-rc.0"
      }
    },
    "node_modules/drag-drop-touch": {
      "version": "1.3.1",
      "resolved": "https://registry.npmjs.org/drag-drop-touch/-/drag-drop-touch-1.3.1.tgz",
      "integrity": "sha512-Q0/ZgsnW7VUjn+YqSnp1rvxjjPnZX5YLyVaw28einood+eTMcLzgOgHk8nyqIF9O18J68l+2htlEnbw5GsyTvQ==",
      "license": "MIT"
    },
    "node_modules/draggable-polyfill": {
      "version": "1.2.4",
      "resolved": "https://registry.npmjs.org/draggable-polyfill/-/draggable-polyfill-1.2.4.tgz",
      "integrity": "sha512-JqhOoxMWI74TUL1zjFwUfHDS/CcAS53V4g1aiMDKG+38KWCBedrM52d7zBGmXDxiz0lLskWyN+RqeLk/9P0L+g==",
      "license": "MIT"
    },
    "node_modules/mobile-drag-drop": {
      "version": "3.0.0-rc.0",
      "resolved": "https://registry.npmjs.org/mobile-drag-drop/-/mobile-drag-drop-3.0.0-rc.0.tgz",
      "integrity": "sha512-f8wIDTbBYLBW/+5sei1cqUE+StyDpf/LP+FRZELlVX6tmOOmELk84r3wh1z3woxCB9G5octhF06K5COvFjGgqg==",
      "license": "MIT"
    }
  }
}
